
Microsoft Visual Studio Solution File, Format Version 12.00
# Visual Studio Version 17
VisualStudioVersion = 17.4.33205.214
MinimumVisualStudioVersion = 10.0.40219.1
Project("{FAE04EC0-301F-11D3-BF4B-00C04F79EFBC}") = "Verifica Git Gestione_Scuola", "Verifica Git Gestione_Scuola\Verifica Git Gestione_Scuola.csproj", "{4EB4F402-501C-4227-9C34-DCE23DAE8A90}"
EndProject
Global
	GlobalSection(SolutionConfigurationPlatforms) = preSolution
		Debug|Any CPU = Debug|Any CPU
		Release|Any CPU = Release|Any CPU
	EndGlobalSection
	GlobalSection(ProjectConfigurationPlatforms) = postSolution
		{4EB4F402-501C-4227-9C34-DCE23DAE8A90}.Debug|Any CPU.ActiveCfg = Debug|Any CPU
		{4EB4F402-501C-4227-9C34-DCE23DAE8A90}.Debug|Any CPU.Build.0 = Debug|Any CPU
		{4EB4F402-501C-4227-9C34-DCE23DAE8A90}.Release|Any CPU.ActiveCfg = Release|Any CPU
		{4EB4F402-501C-4227-9C34-DCE23DAE8A90}.Release|Any CPU.Build.0 = Release|Any CPU
	EndGlobalSection
	GlobalSection(SolutionProperties) = preSolution
		HideSolutionNode = FALSE
	EndGlobalSection
	GlobalSection(ExtensibilityGlobals) = postSolution
		SolutionGuid = {5962BFC4-B962-4C8E-9C21-845B6E224612}
	EndGlobalSection
EndGlobal
